
Microsoft Visual Studio Solution File, Format Version 12.00
# Visual Studio Version 16
VisualStudioVersion = 16.0.29709.97
MinimumVisualStudioVersion = 10.0.40219.1
Project("{FAE04EC0-301F-11D3-BF4B-00C04F79EFBC}") = "scores_generator", "scores_generator\scores_generator.csproj", "{3199ADA9-0EA7-4DE4-ACFE-860D8A85B798}"
EndProject
Global
	GlobalSection(SolutionConfigurationPlatforms) = preSolution
		Debug|Any CPU = Debug|Any CPU
		Release|Any CPU = Release|Any CPU
	EndGlobalSection
	GlobalSection(ProjectConfigurationPlatforms) = postSolution
		{3199ADA9-0EA7-4DE4-ACFE-860D8A85B798}.Debug|Any CPU.ActiveCfg = Debug|Any CPU
		{3199ADA9-0EA7-4DE4-ACFE-860D8A85B798}.Debug|Any CPU.Build.0 = Debug|Any CPU
		{3199ADA9-0EA7-4DE4-ACFE-860D8A85B798}.Release|Any CPU.ActiveCfg = Release|Any CPU
		{3199ADA9-0EA7-4DE4-ACFE-860D8A85B798}.Release|Any CPU.Build.0 = Release|Any CPU
	EndGlobalSection
	GlobalSection(SolutionProperties) = preSolution
		HideSolutionNode = FALSE
	EndGlobalSection
	GlobalSection(ExtensibilityGlobals) = postSolution
		SolutionGuid = {C8FB1DF0-D9F6-490E-B122-28135FC0D859}
	EndGlobalSection
EndGlobal
